
Microsoft Visual Studio Solution File, Format Version 12.00
# Visual Studio Version 18
VisualStudioVersion = 18.0.11217.181 d18.0
MinimumVisualStudioVersion = 10.0.40219.1
Project("{FAE04EC0-301F-11D3-BF4B-00C04F79EFBC}") = "FlorianAlbert.MySharp.Compiler", "FlorianAlbert.MySharp.Compiler\FlorianAlbert.MySharp.Compiler.csproj", "{6DCCAA65-F8EF-4901-891E-4D1F0CC5641C}"
EndProject
Project("{FAE04EC0-301F-11D3-BF4B-00C04F79EFBC}") = "FlorianAlbert.MySharp.Sdk.Parser", "FlorianAlbert.MySharp.Sdk.Parser\FlorianAlbert.MySharp.Sdk.Parser.csproj", "{07500B00-297B-463B-9884-72CA6C60B355}"
EndProject
Project("{FAE04EC0-301F-11D3-BF4B-00C04F79EFBC}") = "FlorianAlbert.MySharp.Sdk.Evaluator", "FlorianAlbert.MySharp.Sdk.Evaluator\FlorianAlbert.MySharp.Sdk.Evaluator.csproj", "{A316B5CD-8F0E-41D2-B6E2-43E56889051F}"
EndProject
Global
	GlobalSection(SolutionConfigurationPlatforms) = preSolution
		Debug|Any CPU = Debug|Any CPU
		Release|Any CPU = Release|Any CPU
	EndGlobalSection
	GlobalSection(ProjectConfigurationPlatforms) = postSolution
		{6DCCAA65-F8EF-4901-891E-4D1F0CC5641C}.Debug|Any CPU.ActiveCfg = Debug|Any CPU
		{6DCCAA65-F8EF-4901-891E-4D1F0CC5641C}.Debug|Any CPU.Build.0 = Debug|Any CPU
		{6DCCAA65-F8EF-4901-891E-4D1F0CC5641C}.Release|Any CPU.ActiveCfg = Release|Any CPU
		{6DCCAA65-F8EF-4901-891E-4D1F0CC5641C}.Release|Any CPU.Build.0 = Release|Any CPU
		{07500B00-297B-463B-9884-72CA6C60B355}.Debug|Any CPU.ActiveCfg = Debug|Any CPU
		{07500B00-297B-463B-9884-72CA6C60B355}.Debug|Any CPU.Build.0 = Debug|Any CPU
		{07500B00-297B-463B-9884-72CA6C60B355}.Release|Any CPU.ActiveCfg = Release|Any CPU
		{07500B00-297B-463B-9884-72CA6C60B355}.Release|Any CPU.Build.0 = Release|Any CPU
		{A316B5CD-8F0E-41D2-B6E2-43E56889051F}.Debug|Any CPU.ActiveCfg = Debug|Any CPU
		{A316B5CD-8F0E-41D2-B6E2-43E56889051F}.Debug|Any CPU.Build.0 = Debug|Any CPU
		{A316B5CD-8F0E-41D2-B6E2-43E56889051F}.Release|Any CPU.ActiveCfg = Release|Any CPU
		{A316B5CD-8F0E-41D2-B6E2-43E56889051F}.Release|Any CPU.Build.0 = Release|Any CPU
	EndGlobalSection
	GlobalSection(SolutionProperties) = preSolution
		HideSolutionNode = FALSE
	EndGlobalSection
	GlobalSection(ExtensibilityGlobals) = postSolution
		SolutionGuid = {9A7D9B4F-2AE9-4949-88A6-8BD98A7BB477}
	EndGlobalSection
EndGlobal
